
Microsoft Visual Studio Solution File, Format Version 12.00
# Visual Studio Version 17
VisualStudioVersion = 17.5.002.0
MinimumVisualStudioVersion = 10.0.40219.1
Project("{9A19103F-16F7-4668-BE54-9A1E7A4F7556}") = "./azlearn", "./azlearn/azlearn.csproj", "{B0B2E832-D54D-412F-B55A-4DDD859EAD51}"
EndProject
Global
	GlobalSection(SolutionConfigurationPlatforms) = preSolution
		Debug|Any CPU = Debug|Any CPU
		Release|Any CPU = Release|Any CPU
	EndGlobalSection
	GlobalSection(ProjectConfigurationPlatforms) = postSolution
		{B0B2E832-D54D-412F-B55A-4DDD859EAD51}.Debug|Any CPU.ActiveCfg = Debug|Any CPU
		{B0B2E832-D54D-412F-B55A-4DDD859EAD51}.Debug|Any CPU.Build.0 = Debug|Any CPU
		{B0B2E832-D54D-412F-B55A-4DDD859EAD51}.Release|Any CPU.ActiveCfg = Release|Any CPU
		{B0B2E832-D54D-412F-B55A-4DDD859EAD51}.Release|Any CPU.Build.0 = Release|Any CPU
	EndGlobalSection
	GlobalSection(SolutionProperties) = preSolution
		HideSolutionNode = FALSE
	EndGlobalSection
	GlobalSection(ExtensibilityGlobals) = postSolution
		SolutionGuid = {F2750A10-1F01-4CDC-B1D4-04C59C2D939E}
	EndGlobalSection
EndGlobal
